
Microsoft Visual Studio Solution File, Format Version 12.00
# Visual Studio Version 17
VisualStudioVersion = 17.7.34031.279
MinimumVisualStudioVersion = 10.0.40219.1
Project("{FAE04EC0-301F-11D3-BF4B-00C04F79EFBC}") = "personalization.Android", "personalization\personalization.Android\personalization.Android.csproj", "{1C4909A8-AC15-40B5-A093-3FEDD5635286}"
EndProject
Project("{FAE04EC0-301F-11D3-BF4B-00C04F79EFBC}") = "personalization.iOS", "personalization\personalization.iOS\personalization.iOS.csproj", "{306E7627-BA0D-4278-B03C-8155AE34DD6D}"
EndProject
Project("{9A19103F-16F7-4668-BE54-9A1E7A4F7556}") = "personalization", "personalization\personalization\personalization.csproj", "{41BEF1CF-6CE7-44F4-9D9D-EA58CEF8F35D}"
EndProject
Global
	GlobalSection(SolutionConfigurationPlatforms) = preSolution
		Debug|Any CPU = Debug|Any CPU
		Debug|iPhone = Debug|iPhone
		Debug|iPhoneSimulator = Debug|iPhoneSimulator
		Release|Any CPU = Release|Any CPU
		Release|iPhone = Release|iPhone
		Release|iPhoneSimulator = Release|iPhoneSimulator
	EndGlobalSection
	GlobalSection(ProjectConfigurationPlatforms) = postSolution
		{1C4909A8-AC15-40B5-A093-3FEDD5635286}.Debug|Any CPU.ActiveCfg = Debug|Any CPU
		{1C4909A8-AC15-40B5-A093-3FEDD5635286}.Debug|Any CPU.Build.0 = Debug|Any CPU
		{1C4909A8-AC15-40B5-A093-3FEDD5635286}.Debug|Any CPU.Deploy.0 = Debug|Any CPU
		{1C4909A8-AC15-40B5-A093-3FEDD5635286}.Debug|iPhone.ActiveCfg = Debug|Any CPU
		{1C4909A8-AC15-40B5-A093-3FEDD5635286}.Debug|iPhone.Build.0 = Debug|Any CPU
		{1C4909A8-AC15-40B5-A093-3FEDD5635286}.Debug|iPhone.Deploy.0 = Debug|Any CPU
		{1C4909A8-AC15-40B5-A093-3FEDD5635286}.Debug|iPhoneSimulator.ActiveCfg = Debug|Any CPU
		{1C4909A8-AC15-40B5-A093-3FEDD5635286}.Debug|iPhoneSimulator.Build.0 = Debug|Any CPU
		{1C4909A8-AC15-40B5-A093-3FEDD5635286}.Debug|iPhoneSimulator.Deploy.0 = Debug|Any CPU
		{1C4909A8-AC15-40B5-A093-3FEDD5635286}.Release|Any CPU.ActiveCfg = Release|Any CPU
		{1C4909A8-AC15-40B5-A093-3FEDD5635286}.Release|Any CPU.Build.0 = Release|Any CPU
		{1C4909A8-AC15-40B5-A093-3FEDD5635286}.Release|Any CPU.Deploy.0 = Release|Any CPU
		{1C4909A8-AC15-40B5-A093-3FEDD5635286}.Release|iPhone.ActiveCfg = Release|Any CPU
		{1C4909A8-AC15-40B5-A093-3FEDD5635286}.Release|iPhone.Build.0 = Release|Any CPU
		{1C4909A8-AC15-40B5-A093-3FEDD5635286}.Release|iPhone.Deploy.0 = Release|Any CPU
		{1C4909A8-AC15-40B5-A093-3FEDD5635286}.Release|iPhoneSimulator.ActiveCfg = Release|Any CPU
		{1C4909A8-AC15-40B5-A093-3FEDD5635286}.Release|iPhoneSimulator.Build.0 = Release|Any CPU
		{1C4909A8-AC15-40B5-A093-3FEDD5635286}.Release|iPhoneSimulator.Deploy.0 = Release|Any CPU
		{306E7627-BA0D-4278-B03C-8155AE34DD6D}.Debug|Any CPU.ActiveCfg = Debug|iPhone
		{306E7627-BA0D-4278-B03C-8155AE34DD6D}.Debug|Any CPU.Build.0 = Debug|iPhone
		{306E7627-BA0D-4278-B03C-8155AE34DD6D}.Debug|Any CPU.Deploy.0 = Debug|iPhone
		{306E7627-BA0D-4278-B03C-8155AE34DD6D}.Debug|iPhone.ActiveCfg = Debug|iPhone
		{306E7627-BA0D-4278-B03C-8155AE34DD6D}.Debug|iPhone.Build.0 = Debug|iPhone
		{306E7627-BA0D-4278-B03C-8155AE34DD6D}.Debug|iPhone.Deploy.0 = Debug|iPhone
		{306E7627-BA0D-4278-B03C-8155AE34DD6D}.Debug|iPhoneSimulator.ActiveCfg = Debug|iPhoneSimulator
		{306E7627-BA0D-4278-B03C-8155AE34DD6D}.Debug|iPhoneSimulator.Build.0 = Debug|iPhoneSimulator
		{306E7627-BA0D-4278-B03C-8155AE34DD6D}.Debug|iPhoneSimulator.Deploy.0 = Debug|iPhoneSimulator
		{306E7627-BA0D-4278-B03C-8155AE34DD6D}.Release|Any CPU.ActiveCfg = Release|iPhoneSimulator
		{306E7627-BA0D-4278-B03C-8155AE34DD6D}.Release|Any CPU.Build.0 = Release|iPhoneSimulator
		{306E7627-BA0D-4278-B03C-8155AE34DD6D}.Release|Any CPU.Deploy.0 = Release|iPhoneSimulator
		{306E7627-BA0D-4278-B03C-8155AE34DD6D}.Release|iPhone.ActiveCfg = Release|iPhone
		{306E7627-BA0D-4278-B03C-8155AE34DD6D}.Release|iPhone.Build.0 = Release|iPhone
		{306E7627-BA0D-4278-B03C-8155AE34DD6D}.Release|iPhone.Deploy.0 = Release|iPhone
		{306E7627-BA0D-4278-B03C-8155AE34DD6D}.Release|iPhoneSimulator.ActiveCfg = Release|iPhoneSimulator
		{306E7627-BA0D-4278-B03C-8155AE34DD6D}.Release|iPhoneSimulator.Build.0 = Release|iPhoneSimulator
		{306E7627-BA0D-4278-B03C-8155AE34DD6D}.Release|iPhoneSimulator.Deploy.0 = Release|iPhoneSimulator
		{41BEF1CF-6CE7-44F4-9D9D-EA58CEF8F35D}.Debug|Any CPU.ActiveCfg = Debug|Any CPU
		{41BEF1CF-6CE7-44F4-9D9D-EA58CEF8F35D}.Debug|Any CPU.Build.0 = Debug|Any CPU
		{41BEF1CF-6CE7-44F4-9D9D-EA58CEF8F35D}.Debug|Any CPU.Deploy.0 = Debug|Any CPU
		{41BEF1CF-6CE7-44F4-9D9D-EA58CEF8F35D}.Debug|iPhone.ActiveCfg = Debug|Any CPU
		{41BEF1CF-6CE7-44F4-9D9D-EA58CEF8F35D}.Debug|iPhone.Build.0 = Debug|Any CPU
		{41BEF1CF-6CE7-44F4-9D9D-EA58CEF8F35D}.Debug|iPhone.Deploy.0 = Debug|Any CPU
		{41BEF1CF-6CE7-44F4-9D9D-EA58CEF8F35D}.Debug|iPhoneSimulator.ActiveCfg = Debug|Any CPU
		{41BEF1CF-6CE7-44F4-9D9D-EA58CEF8F35D}.Debug|iPhoneSimulator.Build.0 = Debug|Any CPU
		{41BEF1CF-6CE7-44F4-9D9D-EA58CEF8F35D}.Debug|iPhoneSimulator.Deploy.0 = Debug|Any CPU
		{41BEF1CF-6CE7-44F4-9D9D-EA58CEF8F35D}.Release|Any CPU.ActiveCfg = Release|Any CPU
		{41BEF1CF-6CE7-44F4-9D9D-EA58CEF8F35D}.Release|Any CPU.Build.0 = Release|Any CPU
		{41BEF1CF-6CE7-44F4-9D9D-EA58CEF8F35D}.Release|Any CPU.Deploy.0 = Release|Any CPU
		{41BEF1CF-6CE7-44F4-9D9D-EA58CEF8F35D}.Release|iPhone.ActiveCfg = Release|Any CPU
		{41BEF1CF-6CE7-44F4-9D9D-EA58CEF8F35D}.Release|iPhone.Build.0 = Release|Any CPU
		{41BEF1CF-6CE7-44F4-9D9D-EA58CEF8F35D}.Release|iPhone.Deploy.0 = Release|Any CPU
		{41BEF1CF-6CE7-44F4-9D9D-EA58CEF8F35D}.Release|iPhoneSimulator.ActiveCfg = Release|Any CPU
		{41BEF1CF-6CE7-44F4-9D9D-EA58CEF8F35D}.Release|iPhoneSimulator.Build.0 = Release|Any CPU
		{41BEF1CF-6CE7-44F4-9D9D-EA58CEF8F35D}.Release|iPhoneSimulator.Deploy.0 = Release|Any CPU
	EndGlobalSection
	GlobalSection(SolutionProperties) = preSolution
		HideSolutionNode = FALSE
	EndGlobalSection
	GlobalSection(ExtensibilityGlobals) = postSolution
		SolutionGuid = {33A2CA94-0DB0-4420-BC67-2AA86029DBC5}
	EndGlobalSection
EndGlobal
